
Microsoft Visual Studio Solution File, Format Version 12.00
# Visual Studio Version 17
VisualStudioVersion = 17.12.35707.178 d17.12
MinimumVisualStudioVersion = 10.0.40219.1
Project("{FAE04EC0-301F-11D3-BF4B-00C04F79EFBC}") = "The Replicator of D’To", "The Replicator of D’To\The Replicator of D’To.csproj", "{7BC54580-7B16-4995-8249-8AD1BD0083CB}"
EndProject
Global
	GlobalSection(SolutionConfigurationPlatforms) = preSolution
		Debug|Any CPU = Debug|Any CPU
		Release|Any CPU = Release|Any CPU
	EndGlobalSection
	GlobalSection(ProjectConfigurationPlatforms) = postSolution
		{7BC54580-7B16-4995-8249-8AD1BD0083CB}.Debug|Any CPU.ActiveCfg = Debug|Any CPU
		{7BC54580-7B16-4995-8249-8AD1BD0083CB}.Debug|Any CPU.Build.0 = Debug|Any CPU
		{7BC54580-7B16-4995-8249-8AD1BD0083CB}.Release|Any CPU.ActiveCfg = Release|Any CPU
		{7BC54580-7B16-4995-8249-8AD1BD0083CB}.Release|Any CPU.Build.0 = Release|Any CPU
	EndGlobalSection
	GlobalSection(SolutionProperties) = preSolution
		HideSolutionNode = FALSE
	EndGlobalSection
EndGlobal
