
Microsoft Visual Studio Solution File, Format Version 12.00
# Visual Studio Version 17
VisualStudioVersion = 17.13.35931.197 d17.13
MinimumVisualStudioVersion = 10.0.40219.1
Project("{FAE04EC0-301F-11D3-BF4B-00C04F79EFBC}") = "Baseball Game", "Baseball Game\Baseball Game.csproj", "{3CDEE69F-8536-4CA0-BDED-9C9EE5C408AD}"
EndProject
Global
	GlobalSection(SolutionConfigurationPlatforms) = preSolution
		Debug|Any CPU = Debug|Any CPU
		Release|Any CPU = Release|Any CPU
	EndGlobalSection
	GlobalSection(ProjectConfigurationPlatforms) = postSolution
		{3CDEE69F-8536-4CA0-BDED-9C9EE5C408AD}.Debug|Any CPU.ActiveCfg = Debug|Any CPU
		{3CDEE69F-8536-4CA0-BDED-9C9EE5C408AD}.Debug|Any CPU.Build.0 = Debug|Any CPU
		{3CDEE69F-8536-4CA0-BDED-9C9EE5C408AD}.Release|Any CPU.ActiveCfg = Release|Any CPU
		{3CDEE69F-8536-4CA0-BDED-9C9EE5C408AD}.Release|Any CPU.Build.0 = Release|Any CPU
	EndGlobalSection
	GlobalSection(SolutionProperties) = preSolution
		HideSolutionNode = FALSE
	EndGlobalSection
	GlobalSection(ExtensibilityGlobals) = postSolution
		SolutionGuid = {6826FD71-15C3-4EF6-9152-7CDFA57FB146}
	EndGlobalSection
EndGlobal
