
Microsoft Visual Studio Solution File, Format Version 12.00
# Visual Studio Version 17
VisualStudioVersion = 17.13.35931.197 d17.13
MinimumVisualStudioVersion = 10.0.40219.1
Project("{FAE04EC0-301F-11D3-BF4B-00C04F79EFBC}") = "MoreZeroes", "MoreZeroes\MoreZeroes.csproj", "{04B1C4DF-C058-4391-AC9D-C4821605D458}"
EndProject
Global
	GlobalSection(SolutionConfigurationPlatforms) = preSolution
		Debug|Any CPU = Debug|Any CPU
		Release|Any CPU = Release|Any CPU
	EndGlobalSection
	GlobalSection(ProjectConfigurationPlatforms) = postSolution
		{04B1C4DF-C058-4391-AC9D-C4821605D458}.Debug|Any CPU.ActiveCfg = Debug|Any CPU
		{04B1C4DF-C058-4391-AC9D-C4821605D458}.Debug|Any CPU.Build.0 = Debug|Any CPU
		{04B1C4DF-C058-4391-AC9D-C4821605D458}.Release|Any CPU.ActiveCfg = Release|Any CPU
		{04B1C4DF-C058-4391-AC9D-C4821605D458}.Release|Any CPU.Build.0 = Release|Any CPU
	EndGlobalSection
	GlobalSection(SolutionProperties) = preSolution
		HideSolutionNode = FALSE
	EndGlobalSection
	GlobalSection(ExtensibilityGlobals) = postSolution
		SolutionGuid = {F8DCE494-3F2D-4E46-886C-B245F899C18C}
	EndGlobalSection
EndGlobal
